
Microsoft Visual Studio Solution File, Format Version 12.00
# Visual Studio Version 17
VisualStudioVersion = 17.1.32319.34
MinimumVisualStudioVersion = 10.0.40219.1
Project("{9A19103F-16F7-4668-BE54-9A1E7A4F7556}") = "ProgramacionOrientadaAObjetos", "ProgramacionOrientadaAObjetos\ProgramacionOrientadaAObjetos.csproj", "{7F98A76C-D26A-4BBD-8839-006E368D6960}"
EndProject
Project("{2150E333-8FDC-42A3-9474-1A3956D46DE8}") = "POO", "POO", "{67F6D977-04F6-48D8-89CE-EC9F2889EAA3}"
EndProject
Project("{9A19103F-16F7-4668-BE54-9A1E7A4F7556}") = "clases_objetos", "clases_objetos\clases_objetos.csproj", "{D80EDCBA-2F22-4A38-94F2-5F53967C0DED}"
EndProject
Project("{9A19103F-16F7-4668-BE54-9A1E7A4F7556}") = "Abstraccion", "Abstraccion\Abstraccion.csproj", "{60933CD5-D8B9-408F-AEC0-DC9C26DE8C00}"
EndProject
Project("{9A19103F-16F7-4668-BE54-9A1E7A4F7556}") = "TiposDeDatosAbstractos", "TiposDeDatosAbstractos\TiposDeDatosAbstractos.csproj", "{BA0B86F1-AD9D-4522-AE5A-420FAE56F74D}"
EndProject
Project("{9A19103F-16F7-4668-BE54-9A1E7A4F7556}") = "Encapsulacion", "Encapsulacion\Encapsulacion.csproj", "{72CCD6F4-BD41-43EE-BCEA-E07D8D7947E9}"
EndProject
Project("{9A19103F-16F7-4668-BE54-9A1E7A4F7556}") = "Herencias", "Herencias\Herencias.csproj", "{55C5BE99-D86F-4E0A-AC23-3B3E8B38F684}"
EndProject
Project("{9A19103F-16F7-4668-BE54-9A1E7A4F7556}") = "Polimorfismo", "Polimorfismo\Polimorfismo.csproj", "{16CF6F04-F246-4AFF-A320-C6B4ECFF3E0A}"
EndProject
Project("{2150E333-8FDC-42A3-9474-1A3956D46DE8}") = "Clases", "Clases", "{99F76E5B-FDB4-478A-B655-E66662C55087}"
EndProject
Project("{9A19103F-16F7-4668-BE54-9A1E7A4F7556}") = "Clases_Estructuras", "Clases_Estructuras\Clases_Estructuras.csproj", "{F63A6661-9B4C-4B7D-831C-60FCD15FDB7D}"
EndProject
Project("{9A19103F-16F7-4668-BE54-9A1E7A4F7556}") = "DeclararClases", "DeclararClases\DeclararClases.csproj", "{9CDE2127-D20F-4709-9C26-9946DF5A3B3C}"
EndProject
Project("{9A19103F-16F7-4668-BE54-9A1E7A4F7556}") = "CamposPropiedades", "CamposPropiedades\CamposPropiedades.csproj", "{9064CFDC-5F14-46FC-838B-78BC6E7527C9}"
EndProject
Project("{9A19103F-16F7-4668-BE54-9A1E7A4F7556}") = "Metodos", "Metodos\Metodos.csproj", "{CF874331-9E06-4609-8AEF-836B706E9CD1}"
EndProject
Project("{9A19103F-16F7-4668-BE54-9A1E7A4F7556}") = "NivelesDeAccesos", "NivelesDeAccesos\NivelesDeAccesos.csproj", "{E4346FFD-ABD6-43D7-9579-7170A0DC554F}"
EndProject
Project("{9A19103F-16F7-4668-BE54-9A1E7A4F7556}") = "ClasesAbstractas", "ClasesAbstractas\ClasesAbstractas.csproj", "{ED951609-6545-40EE-942B-9440E3B7334A}"
EndProject
Project("{9A19103F-16F7-4668-BE54-9A1E7A4F7556}") = "ClaseSealed", "ClaseSealed\ClaseSealed.csproj", "{A2B29D1E-EC2D-44E1-8C41-D1267C592C0D}"
EndProject
Project("{9A19103F-16F7-4668-BE54-9A1E7A4F7556}") = "Clases_Estaticas", "Clases_Estaticas\Clases_Estaticas.csproj", "{665A7572-DE1F-4966-9158-8523E1D15D75}"
EndProject
Project("{9A19103F-16F7-4668-BE54-9A1E7A4F7556}") = "Metodos_De_Extension", "Metodos_De_Extension\Metodos_De_Extension.csproj", "{3BDEE65B-70EF-409E-9648-CFD70866CB59}"
EndProject
Project("{9A19103F-16F7-4668-BE54-9A1E7A4F7556}") = "Bodied_Members", "Bodied_Members\Bodied_Members.csproj", "{197D30E0-DEB2-488B-A33D-1BB7422A9A1D}"
EndProject
Project("{9A19103F-16F7-4668-BE54-9A1E7A4F7556}") = "Constructores", "Constructores\Constructores.csproj", "{BCB81FE4-F941-441C-AB6D-087FDEEFC0AA}"
EndProject
Project("{9A19103F-16F7-4668-BE54-9A1E7A4F7556}") = "Destructores", "Destructores\Destructores.csproj", "{61156274-E8AB-4B94-AED2-7DBD1B7A6865}"
EndProject
Project("{9A19103F-16F7-4668-BE54-9A1E7A4F7556}") = "Sobrecarga_Operadores", "Sobrecarga_Operadores\Sobrecarga_Operadores.csproj", "{0DA9D75E-458F-44C6-80E7-6CFFB4AD6C00}"
EndProject
Project("{2150E333-8FDC-42A3-9474-1A3956D46DE8}") = "Interfaces", "Interfaces", "{6C5224AA-9F2E-4E5D-9BAE-729D8396CAC6}"
EndProject
Project("{9A19103F-16F7-4668-BE54-9A1E7A4F7556}") = "Interfaces", "Interfaces\Interfaces.csproj", "{E1613BB3-D557-4CDB-B76B-CB3DF1054255}"
EndProject
Project("{9A19103F-16F7-4668-BE54-9A1E7A4F7556}") = "Interfaz_IDisposable", "Interfaz_IDisposable\Interfaz_IDisposable.csproj", "{73E8FA58-BEB1-4180-980D-BCAF2DB5B01F}"
EndProject
Project("{9A19103F-16F7-4668-BE54-9A1E7A4F7556}") = "Diferencias_interfaces_clasesAbstractas", "Diferencias_interfaces_clasesAbstractas\Diferencias_interfaces_clasesAbstractas.csproj", "{5E5F0011-6175-479F-A3AC-F42212442451}"
EndProject
Project("{2150E333-8FDC-42A3-9474-1A3956D46DE8}") = "Conceptos Avanzados", "Conceptos Avanzados", "{D177A5EB-7045-4A78-8EEC-392D480BAE41}"
EndProject
Project("{9A19103F-16F7-4668-BE54-9A1E7A4F7556}") = "Delegados", "Delegados\Delegados.csproj", "{5246D6F7-FDCE-4252-BDE0-43E8A4C0539B}"
EndProject
Project("{9A19103F-16F7-4668-BE54-9A1E7A4F7556}") = "MetodosAnonimos", "MetodosAnonimos\MetodosAnonimos.csproj", "{1D1D2FD2-2E8E-4BE8-B950-EDEA1F365E7A}"
EndProject
Project("{9A19103F-16F7-4668-BE54-9A1E7A4F7556}") = "Tipos_Dinamicos", "Tipos_Dinamicos\Tipos_Dinamicos.csproj", "{CA20C495-F773-4BDA-9BCB-B9E3B65F2664}"
EndProject
Project("{9A19103F-16F7-4668-BE54-9A1E7A4F7556}") = "Enumerados", "Enumerados\Enumerados.csproj", "{6117DED1-329C-44B9-AC0A-6D7F6E430F2C}"
EndProject
Project("{9A19103F-16F7-4668-BE54-9A1E7A4F7556}") = "Namespace", "Namespace\Namespace.csproj", "{56412419-0DE5-4E98-BF51-9174910344E5}"
EndProject
Project("{9A19103F-16F7-4668-BE54-9A1E7A4F7556}") = "InstruccionUsing", "InstruccionUsing\InstruccionUsing.csproj", "{DAFE6394-4D5E-42A2-84B7-89F91468E66F}"
EndProject
Project("{9A19103F-16F7-4668-BE54-9A1E7A4F7556}") = "Tupla", "Tupla\Tupla.csproj", "{B777CBF7-65ED-4F0C-9AB8-F7517CE81ADB}"
EndProject
Project("{9A19103F-16F7-4668-BE54-9A1E7A4F7556}") = "Diccionarios", "Diccionarios\Diccionarios.csproj", "{3BCF587E-8BCA-48F3-9587-7A324544E802}"
EndProject
Project("{9A19103F-16F7-4668-BE54-9A1E7A4F7556}") = "BoxingYUnboxing", "BoxingYUnboxing\BoxingYUnboxing.csproj", "{C54665C0-C43B-4389-B720-369F1FA183B6}"
EndProject
Project("{9A19103F-16F7-4668-BE54-9A1E7A4F7556}") = "Genericos", "Genericos\Genericos.csproj", "{AE3075A1-52B6-4C06-A5DC-EE6EC96FAF49}"
EndProject
Project("{9A19103F-16F7-4668-BE54-9A1E7A4F7556}") = "Depuracion", "Depuracion\Depuracion.csproj", "{0594F0FB-FE18-405E-87EE-1DCED25FDEDD}"
EndProject
Project("{9A19103F-16F7-4668-BE54-9A1E7A4F7556}") = "Serializacion", "Serializacion\Serializacion.csproj", "{E23BF8B2-D487-4B8D-850E-689C52BA3385}"
EndProject
Project("{2150E333-8FDC-42A3-9474-1A3956D46DE8}") = "Tratamiento de Excepciones", "Tratamiento de Excepciones", "{A1DDC615-0614-46F3-B12F-704C2C63457B}"
EndProject
Project("{9A19103F-16F7-4668-BE54-9A1E7A4F7556}") = "Intro_Excepciones", "Intro_Excepciones\Intro_Excepciones.csproj", "{A2B35BDF-B83F-4A41-9D0E-A9710711630C}"
EndProject
Project("{9A19103F-16F7-4668-BE54-9A1E7A4F7556}") = "CustomExceptions", "CustomExceptions\CustomExceptions.csproj", "{63A3C7FA-93B2-458D-9E31-37AF0075A7AF}"
EndProject
Project("{2150E333-8FDC-42A3-9474-1A3956D46DE8}") = "Trabajando con Archivos y Streams", "Trabajando con Archivos y Streams", "{46BA0554-B254-4E9B-9CDC-8097D026DAB0}"
EndProject
Project("{9A19103F-16F7-4668-BE54-9A1E7A4F7556}") = "MemoryStreams", "MemoryStreams\MemoryStreams.csproj", "{0EBE3A09-B30D-46CC-AE91-B52DD270E2DC}"
EndProject
Project("{9A19103F-16F7-4668-BE54-9A1E7A4F7556}") = "Seek", "Seek\Seek.csproj", "{D2A42636-1E05-489B-90E7-B76B2A0563C2}"
EndProject
Project("{FAE04EC0-301F-11D3-BF4B-00C04F79EFBC}") = "LeerDatosDeUnStream", "LeerDatosDeUnStream\LeerDatosDeUnStream.csproj", "{7D5B989D-3700-42D6-8D48-10CEB952D4BE}"
EndProject
Project("{FAE04EC0-301F-11D3-BF4B-00C04F79EFBC}") = "Escribir_datos_stream", "Escribir_datos_stream\Escribir_datos_stream.csproj", "{5D6AC37C-818D-4BD0-825B-173423017092}"
EndProject
Project("{FAE04EC0-301F-11D3-BF4B-00C04F79EFBC}") = "Intro_Archvos", "Intro_Archvos\Intro_Archvos.csproj", "{211E5835-2B53-485A-B175-7AD5A90D69A8}"
EndProject
Project("{FAE04EC0-301F-11D3-BF4B-00C04F79EFBC}") = "Escribir_datos_archivo", "Escribir_datos_archivo\Escribir_datos_archivo.csproj", "{BD02B734-6DA1-4AF0-A5F6-E7371615CB86}"
EndProject
Project("{FAE04EC0-301F-11D3-BF4B-00C04F79EFBC}") = "Leer_archivo", "Leer_archivo\Leer_archivo.csproj", "{F7C6AA27-A884-485E-BF42-E1AE29242E5B}"
EndProject
Project("{2150E333-8FDC-42A3-9474-1A3956D46DE8}") = "Programación Asincrona", "Programación Asincrona", "{D7E61DC2-A95A-43BE-83FC-EAE80FFCA6EC}"
EndProject
Global
	GlobalSection(SolutionConfigurationPlatforms) = preSolution
		Debug|Any CPU = Debug|Any CPU
		Release|Any CPU = Release|Any CPU
	EndGlobalSection
	GlobalSection(ProjectConfigurationPlatforms) = postSolution
		{7F98A76C-D26A-4BBD-8839-006E368D6960}.Debug|Any CPU.ActiveCfg = Debug|Any CPU
		{7F98A76C-D26A-4BBD-8839-006E368D6960}.Debug|Any CPU.Build.0 = Debug|Any CPU
		{7F98A76C-D26A-4BBD-8839-006E368D6960}.Release|Any CPU.ActiveCfg = Release|Any CPU
		{7F98A76C-D26A-4BBD-8839-006E368D6960}.Release|Any CPU.Build.0 = Release|Any CPU
		{D80EDCBA-2F22-4A38-94F2-5F53967C0DED}.Debug|Any CPU.ActiveCfg = Debug|Any CPU
		{D80EDCBA-2F22-4A38-94F2-5F53967C0DED}.Debug|Any CPU.Build.0 = Debug|Any CPU
		{D80EDCBA-2F22-4A38-94F2-5F53967C0DED}.Release|Any CPU.ActiveCfg = Release|Any CPU
		{D80EDCBA-2F22-4A38-94F2-5F53967C0DED}.Release|Any CPU.Build.0 = Release|Any CPU
		{60933CD5-D8B9-408F-AEC0-DC9C26DE8C00}.Debug|Any CPU.ActiveCfg = Debug|Any CPU
		{60933CD5-D8B9-408F-AEC0-DC9C26DE8C00}.Debug|Any CPU.Build.0 = Debug|Any CPU
		{60933CD5-D8B9-408F-AEC0-DC9C26DE8C00}.Release|Any CPU.ActiveCfg = Release|Any CPU
		{60933CD5-D8B9-408F-AEC0-DC9C26DE8C00}.Release|Any CPU.Build.0 = Release|Any CPU
		{BA0B86F1-AD9D-4522-AE5A-420FAE56F74D}.Debug|Any CPU.ActiveCfg = Debug|Any CPU
		{BA0B86F1-AD9D-4522-AE5A-420FAE56F74D}.Debug|Any CPU.Build.0 = Debug|Any CPU
		{BA0B86F1-AD9D-4522-AE5A-420FAE56F74D}.Release|Any CPU.ActiveCfg = Release|Any CPU
		{BA0B86F1-AD9D-4522-AE5A-420FAE56F74D}.Release|Any CPU.Build.0 = Release|Any CPU
		{72CCD6F4-BD41-43EE-BCEA-E07D8D7947E9}.Debug|Any CPU.ActiveCfg = Debug|Any CPU
		{72CCD6F4-BD41-43EE-BCEA-E07D8D7947E9}.Debug|Any CPU.Build.0 = Debug|Any CPU
		{72CCD6F4-BD41-43EE-BCEA-E07D8D7947E9}.Release|Any CPU.ActiveCfg = Release|Any CPU
		{72CCD6F4-BD41-43EE-BCEA-E07D8D7947E9}.Release|Any CPU.Build.0 = Release|Any CPU
		{55C5BE99-D86F-4E0A-AC23-3B3E8B38F684}.Debug|Any CPU.ActiveCfg = Debug|Any CPU
		{55C5BE99-D86F-4E0A-AC23-3B3E8B38F684}.Debug|Any CPU.Build.0 = Debug|Any CPU
		{55C5BE99-D86F-4E0A-AC23-3B3E8B38F684}.Release|Any CPU.ActiveCfg = Release|Any CPU
		{55C5BE99-D86F-4E0A-AC23-3B3E8B38F684}.Release|Any CPU.Build.0 = Release|Any CPU
		{16CF6F04-F246-4AFF-A320-C6B4ECFF3E0A}.Debug|Any CPU.ActiveCfg = Debug|Any CPU
		{16CF6F04-F246-4AFF-A320-C6B4ECFF3E0A}.Debug|Any CPU.Build.0 = Debug|Any CPU
		{16CF6F04-F246-4AFF-A320-C6B4ECFF3E0A}.Release|Any CPU.ActiveCfg = Release|Any CPU
		{16CF6F04-F246-4AFF-A320-C6B4ECFF3E0A}.Release|Any CPU.Build.0 = Release|Any CPU
		{F63A6661-9B4C-4B7D-831C-60FCD15FDB7D}.Debug|Any CPU.ActiveCfg = Debug|Any CPU
		{F63A6661-9B4C-4B7D-831C-60FCD15FDB7D}.Debug|Any CPU.Build.0 = Debug|Any CPU
		{F63A6661-9B4C-4B7D-831C-60FCD15FDB7D}.Release|Any CPU.ActiveCfg = Release|Any CPU
		{F63A6661-9B4C-4B7D-831C-60FCD15FDB7D}.Release|Any CPU.Build.0 = Release|Any CPU
		{9CDE2127-D20F-4709-9C26-9946DF5A3B3C}.Debug|Any CPU.ActiveCfg = Debug|Any CPU
		{9CDE2127-D20F-4709-9C26-9946DF5A3B3C}.Debug|Any CPU.Build.0 = Debug|Any CPU
		{9CDE2127-D20F-4709-9C26-9946DF5A3B3C}.Release|Any CPU.ActiveCfg = Release|Any CPU
		{9CDE2127-D20F-4709-9C26-9946DF5A3B3C}.Release|Any CPU.Build.0 = Release|Any CPU
		{9064CFDC-5F14-46FC-838B-78BC6E7527C9}.Debug|Any CPU.ActiveCfg = Debug|Any CPU
		{9064CFDC-5F14-46FC-838B-78BC6E7527C9}.Debug|Any CPU.Build.0 = Debug|Any CPU
		{9064CFDC-5F14-46FC-838B-78BC6E7527C9}.Release|Any CPU.ActiveCfg = Release|Any CPU
		{9064CFDC-5F14-46FC-838B-78BC6E7527C9}.Release|Any CPU.Build.0 = Release|Any CPU
		{CF874331-9E06-4609-8AEF-836B706E9CD1}.Debug|Any CPU.ActiveCfg = Debug|Any CPU
		{CF874331-9E06-4609-8AEF-836B706E9CD1}.Debug|Any CPU.Build.0 = Debug|Any CPU
		{CF874331-9E06-4609-8AEF-836B706E9CD1}.Release|Any CPU.ActiveCfg = Release|Any CPU
		{CF874331-9E06-4609-8AEF-836B706E9CD1}.Release|Any CPU.Build.0 = Release|Any CPU
		{E4346FFD-ABD6-43D7-9579-7170A0DC554F}.Debug|Any CPU.ActiveCfg = Debug|Any CPU
		{E4346FFD-ABD6-43D7-9579-7170A0DC554F}.Debug|Any CPU.Build.0 = Debug|Any CPU
		{E4346FFD-ABD6-43D7-9579-7170A0DC554F}.Release|Any CPU.ActiveCfg = Release|Any CPU
		{E4346FFD-ABD6-43D7-9579-7170A0DC554F}.Release|Any CPU.Build.0 = Release|Any CPU
		{ED951609-6545-40EE-942B-9440E3B7334A}.Debug|Any CPU.ActiveCfg = Debug|Any CPU
		{ED951609-6545-40EE-942B-9440E3B7334A}.Debug|Any CPU.Build.0 = Debug|Any CPU
		{ED951609-6545-40EE-942B-9440E3B7334A}.Release|Any CPU.ActiveCfg = Release|Any CPU
		{ED951609-6545-40EE-942B-9440E3B7334A}.Release|Any CPU.Build.0 = Release|Any CPU
		{A2B29D1E-EC2D-44E1-8C41-D1267C592C0D}.Debug|Any CPU.ActiveCfg = Debug|Any CPU
		{A2B29D1E-EC2D-44E1-8C41-D1267C592C0D}.Debug|Any CPU.Build.0 = Debug|Any CPU
		{A2B29D1E-EC2D-44E1-8C41-D1267C592C0D}.Release|Any CPU.ActiveCfg = Release|Any CPU
		{A2B29D1E-EC2D-44E1-8C41-D1267C592C0D}.Release|Any CPU.Build.0 = Release|Any CPU
		{665A7572-DE1F-4966-9158-8523E1D15D75}.Debug|Any CPU.ActiveCfg = Debug|Any CPU
		{665A7572-DE1F-4966-9158-8523E1D15D75}.Debug|Any CPU.Build.0 = Debug|Any CPU
		{665A7572-DE1F-4966-9158-8523E1D15D75}.Release|Any CPU.ActiveCfg = Release|Any CPU
		{665A7572-DE1F-4966-9158-8523E1D15D75}.Release|Any CPU.Build.0 = Release|Any CPU
		{3BDEE65B-70EF-409E-9648-CFD70866CB59}.Debug|Any CPU.ActiveCfg = Debug|Any CPU
		{3BDEE65B-70EF-409E-9648-CFD70866CB59}.Debug|Any CPU.Build.0 = Debug|Any CPU
		{3BDEE65B-70EF-409E-9648-CFD70866CB59}.Release|Any CPU.ActiveCfg = Release|Any CPU
		{3BDEE65B-70EF-409E-9648-CFD70866CB59}.Release|Any CPU.Build.0 = Release|Any CPU
		{197D30E0-DEB2-488B-A33D-1BB7422A9A1D}.Debug|Any CPU.ActiveCfg = Debug|Any CPU
		{197D30E0-DEB2-488B-A33D-1BB7422A9A1D}.Debug|Any CPU.Build.0 = Debug|Any CPU
		{197D30E0-DEB2-488B-A33D-1BB7422A9A1D}.Release|Any CPU.ActiveCfg = Release|Any CPU
		{197D30E0-DEB2-488B-A33D-1BB7422A9A1D}.Release|Any CPU.Build.0 = Release|Any CPU
		{BCB81FE4-F941-441C-AB6D-087FDEEFC0AA}.Debug|Any CPU.ActiveCfg = Debug|Any CPU
		{BCB81FE4-F941-441C-AB6D-087FDEEFC0AA}.Debug|Any CPU.Build.0 = Debug|Any CPU
		{BCB81FE4-F941-441C-AB6D-087FDEEFC0AA}.Release|Any CPU.ActiveCfg = Release|Any CPU
		{BCB81FE4-F941-441C-AB6D-087FDEEFC0AA}.Release|Any CPU.Build.0 = Release|Any CPU
		{61156274-E8AB-4B94-AED2-7DBD1B7A6865}.Debug|Any CPU.ActiveCfg = Debug|Any CPU
		{61156274-E8AB-4B94-AED2-7DBD1B7A6865}.Debug|Any CPU.Build.0 = Debug|Any CPU
		{61156274-E8AB-4B94-AED2-7DBD1B7A6865}.Release|Any CPU.ActiveCfg = Release|Any CPU
		{61156274-E8AB-4B94-AED2-7DBD1B7A6865}.Release|Any CPU.Build.0 = Release|Any CPU
		{0DA9D75E-458F-44C6-80E7-6CFFB4AD6C00}.Debug|Any CPU.ActiveCfg = Debug|Any CPU
		{0DA9D75E-458F-44C6-80E7-6CFFB4AD6C00}.Debug|Any CPU.Build.0 = Debug|Any CPU
		{0DA9D75E-458F-44C6-80E7-6CFFB4AD6C00}.Release|Any CPU.ActiveCfg = Release|Any CPU
		{0DA9D75E-458F-44C6-80E7-6CFFB4AD6C00}.Release|Any CPU.Build.0 = Release|Any CPU
		{E1613BB3-D557-4CDB-B76B-CB3DF1054255}.Debug|Any CPU.ActiveCfg = Debug|Any CPU
		{E1613BB3-D557-4CDB-B76B-CB3DF1054255}.Debug|Any CPU.Build.0 = Debug|Any CPU
		{E1613BB3-D557-4CDB-B76B-CB3DF1054255}.Release|Any CPU.ActiveCfg = Release|Any CPU
		{E1613BB3-D557-4CDB-B76B-CB3DF1054255}.Release|Any CPU.Build.0 = Release|Any CPU
		{73E8FA58-BEB1-4180-980D-BCAF2DB5B01F}.Debug|Any CPU.ActiveCfg = Debug|Any CPU
		{73E8FA58-BEB1-4180-980D-BCAF2DB5B01F}.Debug|Any CPU.Build.0 = Debug|Any CPU
		{73E8FA58-BEB1-4180-980D-BCAF2DB5B01F}.Release|Any CPU.ActiveCfg = Release|Any CPU
		{73E8FA58-BEB1-4180-980D-BCAF2DB5B01F}.Release|Any CPU.Build.0 = Release|Any CPU
		{5E5F0011-6175-479F-A3AC-F42212442451}.Debug|Any CPU.ActiveCfg = Debug|Any CPU
		{5E5F0011-6175-479F-A3AC-F42212442451}.Debug|Any CPU.Build.0 = Debug|Any CPU
		{5E5F0011-6175-479F-A3AC-F42212442451}.Release|Any CPU.ActiveCfg = Release|Any CPU
		{5E5F0011-6175-479F-A3AC-F42212442451}.Release|Any CPU.Build.0 = Release|Any CPU
		{5246D6F7-FDCE-4252-BDE0-43E8A4C0539B}.Debug|Any CPU.ActiveCfg = Debug|Any CPU
		{5246D6F7-FDCE-4252-BDE0-43E8A4C0539B}.Debug|Any CPU.Build.0 = Debug|Any CPU
		{5246D6F7-FDCE-4252-BDE0-43E8A4C0539B}.Release|Any CPU.ActiveCfg = Release|Any CPU
		{5246D6F7-FDCE-4252-BDE0-43E8A4C0539B}.Release|Any CPU.Build.0 = Release|Any CPU
		{1D1D2FD2-2E8E-4BE8-B950-EDEA1F365E7A}.Debug|Any CPU.ActiveCfg = Debug|Any CPU
		{1D1D2FD2-2E8E-4BE8-B950-EDEA1F365E7A}.Debug|Any CPU.Build.0 = Debug|Any CPU
		{1D1D2FD2-2E8E-4BE8-B950-EDEA1F365E7A}.Release|Any CPU.ActiveCfg = Release|Any CPU
		{1D1D2FD2-2E8E-4BE8-B950-EDEA1F365E7A}.Release|Any CPU.Build.0 = Release|Any CPU
		{CA20C495-F773-4BDA-9BCB-B9E3B65F2664}.Debug|Any CPU.ActiveCfg = Debug|Any CPU
		{CA20C495-F773-4BDA-9BCB-B9E3B65F2664}.Debug|Any CPU.Build.0 = Debug|Any CPU
		{CA20C495-F773-4BDA-9BCB-B9E3B65F2664}.Release|Any CPU.ActiveCfg = Release|Any CPU
		{CA20C495-F773-4BDA-9BCB-B9E3B65F2664}.Release|Any CPU.Build.0 = Release|Any CPU
		{6117DED1-329C-44B9-AC0A-6D7F6E430F2C}.Debug|Any CPU.ActiveCfg = Debug|Any CPU
		{6117DED1-329C-44B9-AC0A-6D7F6E430F2C}.Debug|Any CPU.Build.0 = Debug|Any CPU
		{6117DED1-329C-44B9-AC0A-6D7F6E430F2C}.Release|Any CPU.ActiveCfg = Release|Any CPU
		{6117DED1-329C-44B9-AC0A-6D7F6E430F2C}.Release|Any CPU.Build.0 = Release|Any CPU
		{56412419-0DE5-4E98-BF51-9174910344E5}.Debug|Any CPU.ActiveCfg = Debug|Any CPU
		{56412419-0DE5-4E98-BF51-9174910344E5}.Debug|Any CPU.Build.0 = Debug|Any CPU
		{56412419-0DE5-4E98-BF51-9174910344E5}.Release|Any CPU.ActiveCfg = Release|Any CPU
		{56412419-0DE5-4E98-BF51-9174910344E5}.Release|Any CPU.Build.0 = Release|Any CPU
		{DAFE6394-4D5E-42A2-84B7-89F91468E66F}.Debug|Any CPU.ActiveCfg = Debug|Any CPU
		{DAFE6394-4D5E-42A2-84B7-89F91468E66F}.Debug|Any CPU.Build.0 = Debug|Any CPU
		{DAFE6394-4D5E-42A2-84B7-89F91468E66F}.Release|Any CPU.ActiveCfg = Release|Any CPU
		{DAFE6394-4D5E-42A2-84B7-89F91468E66F}.Release|Any CPU.Build.0 = Release|Any CPU
		{B777CBF7-65ED-4F0C-9AB8-F7517CE81ADB}.Debug|Any CPU.ActiveCfg = Debug|Any CPU
		{B777CBF7-65ED-4F0C-9AB8-F7517CE81ADB}.Debug|Any CPU.Build.0 = Debug|Any CPU
		{B777CBF7-65ED-4F0C-9AB8-F7517CE81ADB}.Release|Any CPU.ActiveCfg = Release|Any CPU
		{B777CBF7-65ED-4F0C-9AB8-F7517CE81ADB}.Release|Any CPU.Build.0 = Release|Any CPU
		{3BCF587E-8BCA-48F3-9587-7A324544E802}.Debug|Any CPU.ActiveCfg = Debug|Any CPU
		{3BCF587E-8BCA-48F3-9587-7A324544E802}.Debug|Any CPU.Build.0 = Debug|Any CPU
		{3BCF587E-8BCA-48F3-9587-7A324544E802}.Release|Any CPU.ActiveCfg = Release|Any CPU
		{3BCF587E-8BCA-48F3-9587-7A324544E802}.Release|Any CPU.Build.0 = Release|Any CPU
		{C54665C0-C43B-4389-B720-369F1FA183B6}.Debug|Any CPU.ActiveCfg = Debug|Any CPU
		{C54665C0-C43B-4389-B720-369F1FA183B6}.Debug|Any CPU.Build.0 = Debug|Any CPU
		{C54665C0-C43B-4389-B720-369F1FA183B6}.Release|Any CPU.ActiveCfg = Release|Any CPU
		{C54665C0-C43B-4389-B720-369F1FA183B6}.Release|Any CPU.Build.0 = Release|Any CPU
		{AE3075A1-52B6-4C06-A5DC-EE6EC96FAF49}.Debug|Any CPU.ActiveCfg = Debug|Any CPU
		{AE3075A1-52B6-4C06-A5DC-EE6EC96FAF49}.Debug|Any CPU.Build.0 = Debug|Any CPU
		{AE3075A1-52B6-4C06-A5DC-EE6EC96FAF49}.Release|Any CPU.ActiveCfg = Release|Any CPU
		{AE3075A1-52B6-4C06-A5DC-EE6EC96FAF49}.Release|Any CPU.Build.0 = Release|Any CPU
		{0594F0FB-FE18-405E-87EE-1DCED25FDEDD}.Debug|Any CPU.ActiveCfg = Debug|Any CPU
		{0594F0FB-FE18-405E-87EE-1DCED25FDEDD}.Debug|Any CPU.Build.0 = Debug|Any CPU
		{0594F0FB-FE18-405E-87EE-1DCED25FDEDD}.Release|Any CPU.ActiveCfg = Release|Any CPU
		{0594F0FB-FE18-405E-87EE-1DCED25FDEDD}.Release|Any CPU.Build.0 = Release|Any CPU
		{E23BF8B2-D487-4B8D-850E-689C52BA3385}.Debug|Any CPU.ActiveCfg = Debug|Any CPU
		{E23BF8B2-D487-4B8D-850E-689C52BA3385}.Debug|Any CPU.Build.0 = Debug|Any CPU
		{E23BF8B2-D487-4B8D-850E-689C52BA3385}.Release|Any CPU.ActiveCfg = Release|Any CPU
		{E23BF8B2-D487-4B8D-850E-689C52BA3385}.Release|Any CPU.Build.0 = Release|Any CPU
		{A2B35BDF-B83F-4A41-9D0E-A9710711630C}.Debug|Any CPU.ActiveCfg = Debug|Any CPU
		{A2B35BDF-B83F-4A41-9D0E-A9710711630C}.Debug|Any CPU.Build.0 = Debug|Any CPU
		{A2B35BDF-B83F-4A41-9D0E-A9710711630C}.Release|Any CPU.ActiveCfg = Release|Any CPU
		{A2B35BDF-B83F-4A41-9D0E-A9710711630C}.Release|Any CPU.Build.0 = Release|Any CPU
		{63A3C7FA-93B2-458D-9E31-37AF0075A7AF}.Debug|Any CPU.ActiveCfg = Debug|Any CPU
		{63A3C7FA-93B2-458D-9E31-37AF0075A7AF}.Debug|Any CPU.Build.0 = Debug|Any CPU
		{63A3C7FA-93B2-458D-9E31-37AF0075A7AF}.Release|Any CPU.ActiveCfg = Release|Any CPU
		{63A3C7FA-93B2-458D-9E31-37AF0075A7AF}.Release|Any CPU.Build.0 = Release|Any CPU
		{0EBE3A09-B30D-46CC-AE91-B52DD270E2DC}.Debug|Any CPU.ActiveCfg = Debug|Any CPU
		{0EBE3A09-B30D-46CC-AE91-B52DD270E2DC}.Debug|Any CPU.Build.0 = Debug|Any CPU
		{0EBE3A09-B30D-46CC-AE91-B52DD270E2DC}.Release|Any CPU.ActiveCfg = Release|Any CPU
		{0EBE3A09-B30D-46CC-AE91-B52DD270E2DC}.Release|Any CPU.Build.0 = Release|Any CPU
		{D2A42636-1E05-489B-90E7-B76B2A0563C2}.Debug|Any CPU.ActiveCfg = Debug|Any CPU
		{D2A42636-1E05-489B-90E7-B76B2A0563C2}.Debug|Any CPU.Build.0 = Debug|Any CPU
		{D2A42636-1E05-489B-90E7-B76B2A0563C2}.Release|Any CPU.ActiveCfg = Release|Any CPU
		{D2A42636-1E05-489B-90E7-B76B2A0563C2}.Release|Any CPU.Build.0 = Release|Any CPU
		{7D5B989D-3700-42D6-8D48-10CEB952D4BE}.Debug|Any CPU.ActiveCfg = Debug|Any CPU
		{7D5B989D-3700-42D6-8D48-10CEB952D4BE}.Debug|Any CPU.Build.0 = Debug|Any CPU
		{7D5B989D-3700-42D6-8D48-10CEB952D4BE}.Release|Any CPU.ActiveCfg = Release|Any CPU
		{7D5B989D-3700-42D6-8D48-10CEB952D4BE}.Release|Any CPU.Build.0 = Release|Any CPU
		{5D6AC37C-818D-4BD0-825B-173423017092}.Debug|Any CPU.ActiveCfg = Debug|Any CPU
		{5D6AC37C-818D-4BD0-825B-173423017092}.Debug|Any CPU.Build.0 = Debug|Any CPU
		{5D6AC37C-818D-4BD0-825B-173423017092}.Release|Any CPU.ActiveCfg = Release|Any CPU
		{5D6AC37C-818D-4BD0-825B-173423017092}.Release|Any CPU.Build.0 = Release|Any CPU
		{211E5835-2B53-485A-B175-7AD5A90D69A8}.Debug|Any CPU.ActiveCfg = Debug|Any CPU
		{211E5835-2B53-485A-B175-7AD5A90D69A8}.Debug|Any CPU.Build.0 = Debug|Any CPU
		{211E5835-2B53-485A-B175-7AD5A90D69A8}.Release|Any CPU.ActiveCfg = Release|Any CPU
		{211E5835-2B53-485A-B175-7AD5A90D69A8}.Release|Any CPU.Build.0 = Release|Any CPU
		{BD02B734-6DA1-4AF0-A5F6-E7371615CB86}.Debug|Any CPU.ActiveCfg = Debug|Any CPU
		{BD02B734-6DA1-4AF0-A5F6-E7371615CB86}.Debug|Any CPU.Build.0 = Debug|Any CPU
		{BD02B734-6DA1-4AF0-A5F6-E7371615CB86}.Release|Any CPU.ActiveCfg = Release|Any CPU
		{BD02B734-6DA1-4AF0-A5F6-E7371615CB86}.Release|Any CPU.Build.0 = Release|Any CPU
		{F7C6AA27-A884-485E-BF42-E1AE29242E5B}.Debug|Any CPU.ActiveCfg = Debug|Any CPU
		{F7C6AA27-A884-485E-BF42-E1AE29242E5B}.Debug|Any CPU.Build.0 = Debug|Any CPU
		{F7C6AA27-A884-485E-BF42-E1AE29242E5B}.Release|Any CPU.ActiveCfg = Release|Any CPU
		{F7C6AA27-A884-485E-BF42-E1AE29242E5B}.Release|Any CPU.Build.0 = Release|Any CPU
	EndGlobalSection
	GlobalSection(SolutionProperties) = preSolution
		HideSolutionNode = FALSE
	EndGlobalSection
	GlobalSection(NestedProjects) = preSolution
		{7F98A76C-D26A-4BBD-8839-006E368D6960} = {67F6D977-04F6-48D8-89CE-EC9F2889EAA3}
		{D80EDCBA-2F22-4A38-94F2-5F53967C0DED} = {67F6D977-04F6-48D8-89CE-EC9F2889EAA3}
		{60933CD5-D8B9-408F-AEC0-DC9C26DE8C00} = {67F6D977-04F6-48D8-89CE-EC9F2889EAA3}
		{BA0B86F1-AD9D-4522-AE5A-420FAE56F74D} = {67F6D977-04F6-48D8-89CE-EC9F2889EAA3}
		{72CCD6F4-BD41-43EE-BCEA-E07D8D7947E9} = {67F6D977-04F6-48D8-89CE-EC9F2889EAA3}
		{55C5BE99-D86F-4E0A-AC23-3B3E8B38F684} = {67F6D977-04F6-48D8-89CE-EC9F2889EAA3}
		{16CF6F04-F246-4AFF-A320-C6B4ECFF3E0A} = {67F6D977-04F6-48D8-89CE-EC9F2889EAA3}
		{F63A6661-9B4C-4B7D-831C-60FCD15FDB7D} = {99F76E5B-FDB4-478A-B655-E66662C55087}
		{9CDE2127-D20F-4709-9C26-9946DF5A3B3C} = {99F76E5B-FDB4-478A-B655-E66662C55087}
		{9064CFDC-5F14-46FC-838B-78BC6E7527C9} = {99F76E5B-FDB4-478A-B655-E66662C55087}
		{CF874331-9E06-4609-8AEF-836B706E9CD1} = {99F76E5B-FDB4-478A-B655-E66662C55087}
		{E4346FFD-ABD6-43D7-9579-7170A0DC554F} = {99F76E5B-FDB4-478A-B655-E66662C55087}
		{ED951609-6545-40EE-942B-9440E3B7334A} = {67F6D977-04F6-48D8-89CE-EC9F2889EAA3}
		{A2B29D1E-EC2D-44E1-8C41-D1267C592C0D} = {67F6D977-04F6-48D8-89CE-EC9F2889EAA3}
		{665A7572-DE1F-4966-9158-8523E1D15D75} = {99F76E5B-FDB4-478A-B655-E66662C55087}
		{3BDEE65B-70EF-409E-9648-CFD70866CB59} = {99F76E5B-FDB4-478A-B655-E66662C55087}
		{197D30E0-DEB2-488B-A33D-1BB7422A9A1D} = {99F76E5B-FDB4-478A-B655-E66662C55087}
		{BCB81FE4-F941-441C-AB6D-087FDEEFC0AA} = {99F76E5B-FDB4-478A-B655-E66662C55087}
		{61156274-E8AB-4B94-AED2-7DBD1B7A6865} = {99F76E5B-FDB4-478A-B655-E66662C55087}
		{0DA9D75E-458F-44C6-80E7-6CFFB4AD6C00} = {99F76E5B-FDB4-478A-B655-E66662C55087}
		{E1613BB3-D557-4CDB-B76B-CB3DF1054255} = {6C5224AA-9F2E-4E5D-9BAE-729D8396CAC6}
		{73E8FA58-BEB1-4180-980D-BCAF2DB5B01F} = {6C5224AA-9F2E-4E5D-9BAE-729D8396CAC6}
		{5E5F0011-6175-479F-A3AC-F42212442451} = {6C5224AA-9F2E-4E5D-9BAE-729D8396CAC6}
		{5246D6F7-FDCE-4252-BDE0-43E8A4C0539B} = {D177A5EB-7045-4A78-8EEC-392D480BAE41}
		{1D1D2FD2-2E8E-4BE8-B950-EDEA1F365E7A} = {D177A5EB-7045-4A78-8EEC-392D480BAE41}
		{CA20C495-F773-4BDA-9BCB-B9E3B65F2664} = {D177A5EB-7045-4A78-8EEC-392D480BAE41}
		{6117DED1-329C-44B9-AC0A-6D7F6E430F2C} = {D177A5EB-7045-4A78-8EEC-392D480BAE41}
		{56412419-0DE5-4E98-BF51-9174910344E5} = {D177A5EB-7045-4A78-8EEC-392D480BAE41}
		{DAFE6394-4D5E-42A2-84B7-89F91468E66F} = {D177A5EB-7045-4A78-8EEC-392D480BAE41}
		{B777CBF7-65ED-4F0C-9AB8-F7517CE81ADB} = {D177A5EB-7045-4A78-8EEC-392D480BAE41}
		{3BCF587E-8BCA-48F3-9587-7A324544E802} = {D177A5EB-7045-4A78-8EEC-392D480BAE41}
		{C54665C0-C43B-4389-B720-369F1FA183B6} = {D177A5EB-7045-4A78-8EEC-392D480BAE41}
		{AE3075A1-52B6-4C06-A5DC-EE6EC96FAF49} = {D177A5EB-7045-4A78-8EEC-392D480BAE41}
		{0594F0FB-FE18-405E-87EE-1DCED25FDEDD} = {D177A5EB-7045-4A78-8EEC-392D480BAE41}
		{E23BF8B2-D487-4B8D-850E-689C52BA3385} = {D177A5EB-7045-4A78-8EEC-392D480BAE41}
		{A2B35BDF-B83F-4A41-9D0E-A9710711630C} = {A1DDC615-0614-46F3-B12F-704C2C63457B}
		{63A3C7FA-93B2-458D-9E31-37AF0075A7AF} = {A1DDC615-0614-46F3-B12F-704C2C63457B}
		{0EBE3A09-B30D-46CC-AE91-B52DD270E2DC} = {46BA0554-B254-4E9B-9CDC-8097D026DAB0}
		{D2A42636-1E05-489B-90E7-B76B2A0563C2} = {46BA0554-B254-4E9B-9CDC-8097D026DAB0}
		{7D5B989D-3700-42D6-8D48-10CEB952D4BE} = {46BA0554-B254-4E9B-9CDC-8097D026DAB0}
		{5D6AC37C-818D-4BD0-825B-173423017092} = {46BA0554-B254-4E9B-9CDC-8097D026DAB0}
		{211E5835-2B53-485A-B175-7AD5A90D69A8} = {46BA0554-B254-4E9B-9CDC-8097D026DAB0}
		{BD02B734-6DA1-4AF0-A5F6-E7371615CB86} = {46BA0554-B254-4E9B-9CDC-8097D026DAB0}
		{F7C6AA27-A884-485E-BF42-E1AE29242E5B} = {46BA0554-B254-4E9B-9CDC-8097D026DAB0}
	EndGlobalSection
	GlobalSection(ExtensibilityGlobals) = postSolution
		SolutionGuid = {840BA3EF-9DF3-4494-943B-385E27C56B21}
	EndGlobalSection
EndGlobal
