
Microsoft Visual Studio Solution File, Format Version 12.00
# Visual Studio Version 16
VisualStudioVersion = 16.0.32126.315
MinimumVisualStudioVersion = 10.0.40219.1
Project("{9A19103F-16F7-4668-BE54-9A1E7A4F7556}") = "ProgramacionOrientadaAObjetos", "ProgramacionOrientadaAObjetos\ProgramacionOrientadaAObjetos.csproj", "{7F98A76C-D26A-4BBD-8839-006E368D6960}"
EndProject
Project("{2150E333-8FDC-42A3-9474-1A3956D46DE8}") = "POO", "POO", "{67F6D977-04F6-48D8-89CE-EC9F2889EAA3}"
EndProject
Project("{9A19103F-16F7-4668-BE54-9A1E7A4F7556}") = "clases_objetos", "clases_objetos\clases_objetos.csproj", "{D80EDCBA-2F22-4A38-94F2-5F53967C0DED}"
EndProject
Project("{9A19103F-16F7-4668-BE54-9A1E7A4F7556}") = "Abstraccion", "Abstraccion\Abstraccion.csproj", "{60933CD5-D8B9-408F-AEC0-DC9C26DE8C00}"
EndProject
Project("{9A19103F-16F7-4668-BE54-9A1E7A4F7556}") = "TiposDeDatosAbstractos", "TiposDeDatosAbstractos\TiposDeDatosAbstractos.csproj", "{BA0B86F1-AD9D-4522-AE5A-420FAE56F74D}"
EndProject
Project("{9A19103F-16F7-4668-BE54-9A1E7A4F7556}") = "Encapsulacion", "Encapsulacion\Encapsulacion.csproj", "{72CCD6F4-BD41-43EE-BCEA-E07D8D7947E9}"
EndProject
Project("{9A19103F-16F7-4668-BE54-9A1E7A4F7556}") = "Herencias", "Herencias\Herencias.csproj", "{55C5BE99-D86F-4E0A-AC23-3B3E8B38F684}"
EndProject
Project("{9A19103F-16F7-4668-BE54-9A1E7A4F7556}") = "Polimorfismo", "Polimorfismo\Polimorfismo.csproj", "{16CF6F04-F246-4AFF-A320-C6B4ECFF3E0A}"
EndProject
Project("{2150E333-8FDC-42A3-9474-1A3956D46DE8}") = "Clases", "Clases", "{99F76E5B-FDB4-478A-B655-E66662C55087}"
EndProject
Project("{9A19103F-16F7-4668-BE54-9A1E7A4F7556}") = "Clases_Estructuras", "Clases_Estructuras\Clases_Estructuras.csproj", "{F63A6661-9B4C-4B7D-831C-60FCD15FDB7D}"
EndProject
Project("{9A19103F-16F7-4668-BE54-9A1E7A4F7556}") = "DeclararClases", "DeclararClases\DeclararClases.csproj", "{9CDE2127-D20F-4709-9C26-9946DF5A3B3C}"
EndProject
Project("{9A19103F-16F7-4668-BE54-9A1E7A4F7556}") = "CamposPropiedades", "CamposPropiedades\CamposPropiedades.csproj", "{9064CFDC-5F14-46FC-838B-78BC6E7527C9}"
EndProject
Project("{FAE04EC0-301F-11D3-BF4B-00C04F79EFBC}") = "Metodos", "Metodos\Metodos.csproj", "{CF874331-9E06-4609-8AEF-836B706E9CD1}"
EndProject
Project("{FAE04EC0-301F-11D3-BF4B-00C04F79EFBC}") = "NivelesDeAccesos", "NivelesDeAccesos\NivelesDeAccesos.csproj", "{E4346FFD-ABD6-43D7-9579-7170A0DC554F}"
EndProject
Global
	GlobalSection(SolutionConfigurationPlatforms) = preSolution
		Debug|Any CPU = Debug|Any CPU
		Release|Any CPU = Release|Any CPU
	EndGlobalSection
	GlobalSection(ProjectConfigurationPlatforms) = postSolution
		{7F98A76C-D26A-4BBD-8839-006E368D6960}.Debug|Any CPU.ActiveCfg = Debug|Any CPU
		{7F98A76C-D26A-4BBD-8839-006E368D6960}.Debug|Any CPU.Build.0 = Debug|Any CPU
		{7F98A76C-D26A-4BBD-8839-006E368D6960}.Release|Any CPU.ActiveCfg = Release|Any CPU
		{7F98A76C-D26A-4BBD-8839-006E368D6960}.Release|Any CPU.Build.0 = Release|Any CPU
		{D80EDCBA-2F22-4A38-94F2-5F53967C0DED}.Debug|Any CPU.ActiveCfg = Debug|Any CPU
		{D80EDCBA-2F22-4A38-94F2-5F53967C0DED}.Debug|Any CPU.Build.0 = Debug|Any CPU
		{D80EDCBA-2F22-4A38-94F2-5F53967C0DED}.Release|Any CPU.ActiveCfg = Release|Any CPU
		{D80EDCBA-2F22-4A38-94F2-5F53967C0DED}.Release|Any CPU.Build.0 = Release|Any CPU
		{60933CD5-D8B9-408F-AEC0-DC9C26DE8C00}.Debug|Any CPU.ActiveCfg = Debug|Any CPU
		{60933CD5-D8B9-408F-AEC0-DC9C26DE8C00}.Debug|Any CPU.Build.0 = Debug|Any CPU
		{60933CD5-D8B9-408F-AEC0-DC9C26DE8C00}.Release|Any CPU.ActiveCfg = Release|Any CPU
		{60933CD5-D8B9-408F-AEC0-DC9C26DE8C00}.Release|Any CPU.Build.0 = Release|Any CPU
		{BA0B86F1-AD9D-4522-AE5A-420FAE56F74D}.Debug|Any CPU.ActiveCfg = Debug|Any CPU
		{BA0B86F1-AD9D-4522-AE5A-420FAE56F74D}.Debug|Any CPU.Build.0 = Debug|Any CPU
		{BA0B86F1-AD9D-4522-AE5A-420FAE56F74D}.Release|Any CPU.ActiveCfg = Release|Any CPU
		{BA0B86F1-AD9D-4522-AE5A-420FAE56F74D}.Release|Any CPU.Build.0 = Release|Any CPU
		{72CCD6F4-BD41-43EE-BCEA-E07D8D7947E9}.Debug|Any CPU.ActiveCfg = Debug|Any CPU
		{72CCD6F4-BD41-43EE-BCEA-E07D8D7947E9}.Debug|Any CPU.Build.0 = Debug|Any CPU
		{72CCD6F4-BD41-43EE-BCEA-E07D8D7947E9}.Release|Any CPU.ActiveCfg = Release|Any CPU
		{72CCD6F4-BD41-43EE-BCEA-E07D8D7947E9}.Release|Any CPU.Build.0 = Release|Any CPU
		{55C5BE99-D86F-4E0A-AC23-3B3E8B38F684}.Debug|Any CPU.ActiveCfg = Debug|Any CPU
		{55C5BE99-D86F-4E0A-AC23-3B3E8B38F684}.Debug|Any CPU.Build.0 = Debug|Any CPU
		{55C5BE99-D86F-4E0A-AC23-3B3E8B38F684}.Release|Any CPU.ActiveCfg = Release|Any CPU
		{55C5BE99-D86F-4E0A-AC23-3B3E8B38F684}.Release|Any CPU.Build.0 = Release|Any CPU
		{16CF6F04-F246-4AFF-A320-C6B4ECFF3E0A}.Debug|Any CPU.ActiveCfg = Debug|Any CPU
		{16CF6F04-F246-4AFF-A320-C6B4ECFF3E0A}.Debug|Any CPU.Build.0 = Debug|Any CPU
		{16CF6F04-F246-4AFF-A320-C6B4ECFF3E0A}.Release|Any CPU.ActiveCfg = Release|Any CPU
		{16CF6F04-F246-4AFF-A320-C6B4ECFF3E0A}.Release|Any CPU.Build.0 = Release|Any CPU
		{F63A6661-9B4C-4B7D-831C-60FCD15FDB7D}.Debug|Any CPU.ActiveCfg = Debug|Any CPU
		{F63A6661-9B4C-4B7D-831C-60FCD15FDB7D}.Debug|Any CPU.Build.0 = Debug|Any CPU
		{F63A6661-9B4C-4B7D-831C-60FCD15FDB7D}.Release|Any CPU.ActiveCfg = Release|Any CPU
		{F63A6661-9B4C-4B7D-831C-60FCD15FDB7D}.Release|Any CPU.Build.0 = Release|Any CPU
		{9CDE2127-D20F-4709-9C26-9946DF5A3B3C}.Debug|Any CPU.ActiveCfg = Debug|Any CPU
		{9CDE2127-D20F-4709-9C26-9946DF5A3B3C}.Debug|Any CPU.Build.0 = Debug|Any CPU
		{9CDE2127-D20F-4709-9C26-9946DF5A3B3C}.Release|Any CPU.ActiveCfg = Release|Any CPU
		{9CDE2127-D20F-4709-9C26-9946DF5A3B3C}.Release|Any CPU.Build.0 = Release|Any CPU
		{9064CFDC-5F14-46FC-838B-78BC6E7527C9}.Debug|Any CPU.ActiveCfg = Debug|Any CPU
		{9064CFDC-5F14-46FC-838B-78BC6E7527C9}.Debug|Any CPU.Build.0 = Debug|Any CPU
		{9064CFDC-5F14-46FC-838B-78BC6E7527C9}.Release|Any CPU.ActiveCfg = Release|Any CPU
		{9064CFDC-5F14-46FC-838B-78BC6E7527C9}.Release|Any CPU.Build.0 = Release|Any CPU
		{CF874331-9E06-4609-8AEF-836B706E9CD1}.Debug|Any CPU.ActiveCfg = Debug|Any CPU
		{CF874331-9E06-4609-8AEF-836B706E9CD1}.Debug|Any CPU.Build.0 = Debug|Any CPU
		{CF874331-9E06-4609-8AEF-836B706E9CD1}.Release|Any CPU.ActiveCfg = Release|Any CPU
		{CF874331-9E06-4609-8AEF-836B706E9CD1}.Release|Any CPU.Build.0 = Release|Any CPU
		{E4346FFD-ABD6-43D7-9579-7170A0DC554F}.Debug|Any CPU.ActiveCfg = Debug|Any CPU
		{E4346FFD-ABD6-43D7-9579-7170A0DC554F}.Debug|Any CPU.Build.0 = Debug|Any CPU
		{E4346FFD-ABD6-43D7-9579-7170A0DC554F}.Release|Any CPU.ActiveCfg = Release|Any CPU
		{E4346FFD-ABD6-43D7-9579-7170A0DC554F}.Release|Any CPU.Build.0 = Release|Any CPU
	EndGlobalSection
	GlobalSection(SolutionProperties) = preSolution
		HideSolutionNode = FALSE
	EndGlobalSection
	GlobalSection(NestedProjects) = preSolution
		{7F98A76C-D26A-4BBD-8839-006E368D6960} = {67F6D977-04F6-48D8-89CE-EC9F2889EAA3}
		{D80EDCBA-2F22-4A38-94F2-5F53967C0DED} = {67F6D977-04F6-48D8-89CE-EC9F2889EAA3}
		{60933CD5-D8B9-408F-AEC0-DC9C26DE8C00} = {67F6D977-04F6-48D8-89CE-EC9F2889EAA3}
		{BA0B86F1-AD9D-4522-AE5A-420FAE56F74D} = {67F6D977-04F6-48D8-89CE-EC9F2889EAA3}
		{72CCD6F4-BD41-43EE-BCEA-E07D8D7947E9} = {67F6D977-04F6-48D8-89CE-EC9F2889EAA3}
		{55C5BE99-D86F-4E0A-AC23-3B3E8B38F684} = {67F6D977-04F6-48D8-89CE-EC9F2889EAA3}
		{16CF6F04-F246-4AFF-A320-C6B4ECFF3E0A} = {67F6D977-04F6-48D8-89CE-EC9F2889EAA3}
		{F63A6661-9B4C-4B7D-831C-60FCD15FDB7D} = {99F76E5B-FDB4-478A-B655-E66662C55087}
		{9CDE2127-D20F-4709-9C26-9946DF5A3B3C} = {99F76E5B-FDB4-478A-B655-E66662C55087}
		{9064CFDC-5F14-46FC-838B-78BC6E7527C9} = {99F76E5B-FDB4-478A-B655-E66662C55087}
		{CF874331-9E06-4609-8AEF-836B706E9CD1} = {99F76E5B-FDB4-478A-B655-E66662C55087}
		{E4346FFD-ABD6-43D7-9579-7170A0DC554F} = {99F76E5B-FDB4-478A-B655-E66662C55087}
	EndGlobalSection
	GlobalSection(ExtensibilityGlobals) = postSolution
		SolutionGuid = {840BA3EF-9DF3-4494-943B-385E27C56B21}
	EndGlobalSection
EndGlobal
